
Microsoft Visual Studio Solution File, Format Version 12.00
# Visual Studio 15
VisualStudioVersion = 15.0.27703.2035
MinimumVisualStudioVersion = 10.0.40219.1
Project("{FAE04EC0-301F-11D3-BF4B-00C04F79EFBC}") = "OracleHelper", "OracleHelper\OracleHelper.csproj", "{08E0A021-5933-4EF7-9A19-4625C79766AA}"
EndProject
Project("{2150E333-8FDC-42A3-9474-1A3956D46DE8}") = "TestClient", "TestClient", "{DCE1EF44-36AC-4CA5-9EEE-C66AA3AB523D}"
EndProject
Project("{2150E333-8FDC-42A3-9474-1A3956D46DE8}") = "Common", "Common", "{0DF80BEB-2150-4003-9A8E-0EA86BAEED82}"
EndProject
Project("{FAE04EC0-301F-11D3-BF4B-00C04F79EFBC}") = "SqlServerHelper", "SqlServerHelper\SqlServerHelper.csproj", "{8230C895-7F51-4DB4-B34F-D797A9E84F28}"
EndProject
Project("{FAE04EC0-301F-11D3-BF4B-00C04F79EFBC}") = "TestClient_OracleAlone", "TestClient_OracleAlone\TestClient_OracleAlone.csproj", "{D9012915-42C1-4740-A6C5-8BF46BC4B224}"
EndProject
Project("{FAE04EC0-301F-11D3-BF4B-00C04F79EFBC}") = "TestClient_OracleHelper", "TestClient_OracleHelper\TestClient_OracleHelper.csproj", "{4E0D9607-BD04-41DE-81D8-910F2F68412C}"
EndProject
Project("{FAE04EC0-301F-11D3-BF4B-00C04F79EFBC}") = "TestClient_SqlSeverHelper", "TestClient_SqlSeverHelper\TestClient_SqlSeverHelper.csproj", "{74C87C9B-441B-4194-B181-C74CD668B27B}"
EndProject
Global
	GlobalSection(SolutionConfigurationPlatforms) = preSolution
		Debug|Any CPU = Debug|Any CPU
		Debug|x86 = Debug|x86
		Release|Any CPU = Release|Any CPU
		Release|x86 = Release|x86
	EndGlobalSection
	GlobalSection(ProjectConfigurationPlatforms) = postSolution
		{08E0A021-5933-4EF7-9A19-4625C79766AA}.Debug|Any CPU.ActiveCfg = Debug|Any CPU
		{08E0A021-5933-4EF7-9A19-4625C79766AA}.Debug|Any CPU.Build.0 = Debug|Any CPU
		{08E0A021-5933-4EF7-9A19-4625C79766AA}.Debug|x86.ActiveCfg = Debug|Any CPU
		{08E0A021-5933-4EF7-9A19-4625C79766AA}.Debug|x86.Build.0 = Debug|Any CPU
		{08E0A021-5933-4EF7-9A19-4625C79766AA}.Release|Any CPU.ActiveCfg = Release|Any CPU
		{08E0A021-5933-4EF7-9A19-4625C79766AA}.Release|Any CPU.Build.0 = Release|Any CPU
		{08E0A021-5933-4EF7-9A19-4625C79766AA}.Release|x86.ActiveCfg = Release|Any CPU
		{08E0A021-5933-4EF7-9A19-4625C79766AA}.Release|x86.Build.0 = Release|Any CPU
		{8230C895-7F51-4DB4-B34F-D797A9E84F28}.Debug|Any CPU.ActiveCfg = Debug|Any CPU
		{8230C895-7F51-4DB4-B34F-D797A9E84F28}.Debug|Any CPU.Build.0 = Debug|Any CPU
		{8230C895-7F51-4DB4-B34F-D797A9E84F28}.Debug|x86.ActiveCfg = Debug|Any CPU
		{8230C895-7F51-4DB4-B34F-D797A9E84F28}.Debug|x86.Build.0 = Debug|Any CPU
		{8230C895-7F51-4DB4-B34F-D797A9E84F28}.Release|Any CPU.ActiveCfg = Release|Any CPU
		{8230C895-7F51-4DB4-B34F-D797A9E84F28}.Release|Any CPU.Build.0 = Release|Any CPU
		{8230C895-7F51-4DB4-B34F-D797A9E84F28}.Release|x86.ActiveCfg = Release|Any CPU
		{8230C895-7F51-4DB4-B34F-D797A9E84F28}.Release|x86.Build.0 = Release|Any CPU
		{D9012915-42C1-4740-A6C5-8BF46BC4B224}.Debug|Any CPU.ActiveCfg = Debug|Any CPU
		{D9012915-42C1-4740-A6C5-8BF46BC4B224}.Debug|Any CPU.Build.0 = Debug|Any CPU
		{D9012915-42C1-4740-A6C5-8BF46BC4B224}.Debug|x86.ActiveCfg = Debug|Any CPU
		{D9012915-42C1-4740-A6C5-8BF46BC4B224}.Debug|x86.Build.0 = Debug|Any CPU
		{D9012915-42C1-4740-A6C5-8BF46BC4B224}.Release|Any CPU.ActiveCfg = Release|Any CPU
		{D9012915-42C1-4740-A6C5-8BF46BC4B224}.Release|Any CPU.Build.0 = Release|Any CPU
		{D9012915-42C1-4740-A6C5-8BF46BC4B224}.Release|x86.ActiveCfg = Release|Any CPU
		{D9012915-42C1-4740-A6C5-8BF46BC4B224}.Release|x86.Build.0 = Release|Any CPU
		{4E0D9607-BD04-41DE-81D8-910F2F68412C}.Debug|Any CPU.ActiveCfg = Debug|Any CPU
		{4E0D9607-BD04-41DE-81D8-910F2F68412C}.Debug|Any CPU.Build.0 = Debug|Any CPU
		{4E0D9607-BD04-41DE-81D8-910F2F68412C}.Debug|x86.ActiveCfg = Debug|Any CPU
		{4E0D9607-BD04-41DE-81D8-910F2F68412C}.Debug|x86.Build.0 = Debug|Any CPU
		{4E0D9607-BD04-41DE-81D8-910F2F68412C}.Release|Any CPU.ActiveCfg = Release|Any CPU
		{4E0D9607-BD04-41DE-81D8-910F2F68412C}.Release|Any CPU.Build.0 = Release|Any CPU
		{4E0D9607-BD04-41DE-81D8-910F2F68412C}.Release|x86.ActiveCfg = Release|Any CPU
		{4E0D9607-BD04-41DE-81D8-910F2F68412C}.Release|x86.Build.0 = Release|Any CPU
		{74C87C9B-441B-4194-B181-C74CD668B27B}.Debug|Any CPU.ActiveCfg = Debug|Any CPU
		{74C87C9B-441B-4194-B181-C74CD668B27B}.Debug|Any CPU.Build.0 = Debug|Any CPU
		{74C87C9B-441B-4194-B181-C74CD668B27B}.Debug|x86.ActiveCfg = Debug|Any CPU
		{74C87C9B-441B-4194-B181-C74CD668B27B}.Debug|x86.Build.0 = Debug|Any CPU
		{74C87C9B-441B-4194-B181-C74CD668B27B}.Release|Any CPU.ActiveCfg = Release|Any CPU
		{74C87C9B-441B-4194-B181-C74CD668B27B}.Release|Any CPU.Build.0 = Release|Any CPU
		{74C87C9B-441B-4194-B181-C74CD668B27B}.Release|x86.ActiveCfg = Release|Any CPU
		{74C87C9B-441B-4194-B181-C74CD668B27B}.Release|x86.Build.0 = Release|Any CPU
	EndGlobalSection
	GlobalSection(SolutionProperties) = preSolution
		HideSolutionNode = FALSE
	EndGlobalSection
	GlobalSection(NestedProjects) = preSolution
		{08E0A021-5933-4EF7-9A19-4625C79766AA} = {0DF80BEB-2150-4003-9A8E-0EA86BAEED82}
		{8230C895-7F51-4DB4-B34F-D797A9E84F28} = {0DF80BEB-2150-4003-9A8E-0EA86BAEED82}
		{D9012915-42C1-4740-A6C5-8BF46BC4B224} = {DCE1EF44-36AC-4CA5-9EEE-C66AA3AB523D}
		{4E0D9607-BD04-41DE-81D8-910F2F68412C} = {DCE1EF44-36AC-4CA5-9EEE-C66AA3AB523D}
		{74C87C9B-441B-4194-B181-C74CD668B27B} = {DCE1EF44-36AC-4CA5-9EEE-C66AA3AB523D}
	EndGlobalSection
	GlobalSection(ExtensibilityGlobals) = postSolution
		SolutionGuid = {F1C66247-29D9-486E-8E47-81C3ECA31278}
	EndGlobalSection
EndGlobal
